{
  "name": "example",
  "version": "0.0.1",
  "lockfileVersion": 2,
  "requires": true,
  "packages": {
    "": {
      "name": "example",
      "version": "0.0.1",
      "license": "ISC"
    },
    "..": {
      "name": "i18_compiler",
      "version": "0.0.1",
      "extraneous": true,
      "license": "MIT",
      "dependencies": {
        "csv-parser": "^3.0.0",
        "iconv-lite": "^0.6.3"
      },
      "bin": {
        "i18_compiler": "bin/index.js"
      }
    },
    "../node_modules/.pnpm/csv-parser@3.0.0": {
      "extraneous": true
    },
    "../node_modules/.pnpm/iconv-lite@0.6.3": {
      "extraneous": true
    },
    "../node_modules/.pnpm/minimist@1.2.8/node_modules/minimist": {
      "version": "1.2.8",
      "extraneous": true,
      "license": "MIT",
      "devDependencies": {
        "@ljharb/eslint-config": "^21.0.1",
        "aud": "^2.0.2",
        "auto-changelog": "^2.4.0",
        "eslint": "=8.8.0",
        "in-publish": "^2.0.1",
        "npmignore": "^0.3.0",
        "nyc": "^10.3.2",
        "safe-publish-latest": "^2.0.0",
        "tape": "^5.6.3"
      },
      "funding": {
        "url": "https://github.com/sponsors/ljharb"
      }
    },
    "../node_modules/.pnpm/safer-buffer@2.1.2/node_modules/safer-buffer": {
      "version": "2.1.2",
      "extraneous": true,
      "license": "MIT",
      "devDependencies": {
        "standard": "^11.0.1",
        "tape": "^4.9.0"
      }
    }
  }
}
